
Microsoft Visual Studio Solution File, Format Version 12.00
# Visual Studio 15
VisualStudioVersion = 15.0.26124.0
MinimumVisualStudioVersion = 15.0.26124.0
Project("{F2A71F9B-5D33-465A-A702-920D77279786}") = "mouseLibrary", "mouseLibrary\mouseLibrary.fsproj", "{2C3E6128-1C65-411C-B673-6F5BBA15C694}"
EndProject
Project("{F2A71F9B-5D33-465A-A702-920D77279786}") = "mouseLibraryTest", "mouseLibraryTest\mouseLibraryTest.fsproj", "{9D31FD1B-9145-49B5-ADAB-F7AC64A235DC}"
EndProject
Global
	GlobalSection(SolutionConfigurationPlatforms) = preSolution
		Debug|Any CPU = Debug|Any CPU
		Debug|x64 = Debug|x64
		Debug|x86 = Debug|x86
		Release|Any CPU = Release|Any CPU
		Release|x64 = Release|x64
		Release|x86 = Release|x86
	EndGlobalSection
	GlobalSection(SolutionProperties) = preSolution
		HideSolutionNode = FALSE
	EndGlobalSection
	GlobalSection(ProjectConfigurationPlatforms) = postSolution
		{2C3E6128-1C65-411C-B673-6F5BBA15C694}.Debug|Any CPU.ActiveCfg = Debug|Any CPU
		{2C3E6128-1C65-411C-B673-6F5BBA15C694}.Debug|Any CPU.Build.0 = Debug|Any CPU
		{2C3E6128-1C65-411C-B673-6F5BBA15C694}.Debug|x64.ActiveCfg = Debug|Any CPU
		{2C3E6128-1C65-411C-B673-6F5BBA15C694}.Debug|x64.Build.0 = Debug|Any CPU
		{2C3E6128-1C65-411C-B673-6F5BBA15C694}.Debug|x86.ActiveCfg = Debug|Any CPU
		{2C3E6128-1C65-411C-B673-6F5BBA15C694}.Debug|x86.Build.0 = Debug|Any CPU
		{2C3E6128-1C65-411C-B673-6F5BBA15C694}.Release|Any CPU.ActiveCfg = Release|Any CPU
		{2C3E6128-1C65-411C-B673-6F5BBA15C694}.Release|Any CPU.Build.0 = Release|Any CPU
		{2C3E6128-1C65-411C-B673-6F5BBA15C694}.Release|x64.ActiveCfg = Release|Any CPU
		{2C3E6128-1C65-411C-B673-6F5BBA15C694}.Release|x64.Build.0 = Release|Any CPU
		{2C3E6128-1C65-411C-B673-6F5BBA15C694}.Release|x86.ActiveCfg = Release|Any CPU
		{2C3E6128-1C65-411C-B673-6F5BBA15C694}.Release|x86.Build.0 = Release|Any CPU
		{9D31FD1B-9145-49B5-ADAB-F7AC64A235DC}.Debug|Any CPU.ActiveCfg = Debug|Any CPU
		{9D31FD1B-9145-49B5-ADAB-F7AC64A235DC}.Debug|Any CPU.Build.0 = Debug|Any CPU
		{9D31FD1B-9145-49B5-ADAB-F7AC64A235DC}.Debug|x64.ActiveCfg = Debug|Any CPU
		{9D31FD1B-9145-49B5-ADAB-F7AC64A235DC}.Debug|x64.Build.0 = Debug|Any CPU
		{9D31FD1B-9145-49B5-ADAB-F7AC64A235DC}.Debug|x86.ActiveCfg = Debug|Any CPU
		{9D31FD1B-9145-49B5-ADAB-F7AC64A235DC}.Debug|x86.Build.0 = Debug|Any CPU
		{9D31FD1B-9145-49B5-ADAB-F7AC64A235DC}.Release|Any CPU.ActiveCfg = Release|Any CPU
		{9D31FD1B-9145-49B5-ADAB-F7AC64A235DC}.Release|Any CPU.Build.0 = Release|Any CPU
		{9D31FD1B-9145-49B5-ADAB-F7AC64A235DC}.Release|x64.ActiveCfg = Release|Any CPU
		{9D31FD1B-9145-49B5-ADAB-F7AC64A235DC}.Release|x64.Build.0 = Release|Any CPU
		{9D31FD1B-9145-49B5-ADAB-F7AC64A235DC}.Release|x86.ActiveCfg = Release|Any CPU
		{9D31FD1B-9145-49B5-ADAB-F7AC64A235DC}.Release|x86.Build.0 = Release|Any CPU
	EndGlobalSection
EndGlobal
